{
    "version": 3,
    "terraform_version": "0.11.11",
    "serial": 9,
    "lineage": "63d74c7b-b43a-9dfe-9d44-322502bd3831",
    "modules": [
        {
            "path": [
                "root"
            ],
            "outputs": {},
            "resources": {
                "digitalocean_droplet.www-1": {
                    "type": "digitalocean_droplet",
                    "depends_on": [],
                    "primary": {
                        "id": "134005955",
                        "attributes": {
                            "backups": "false",
                            "disk": "25",
                            "id": "134005955",
                            "image": "ubuntu-18-04-x64",
                            "ipv4_address": "159.89.181.95",
                            "ipv4_address_private": "",
                            "ipv6": "false",
                            "ipv6_address": "",
                            "ipv6_address_private": "",
                            "locked": "false",
                            "memory": "1024",
                            "monitoring": "false",
                            "name": "www-1",
                            "price_hourly": "0.00744",
                            "price_monthly": "5",
                            "private_networking": "false",
                            "region": "nyc3",
                            "resize_disk": "true",
                            "size": "s-1vcpu-1gb",
                            "ssh_keys.#": "1",
                            "ssh_keys.4167842052": "ce:d5:0d:f3:53:6f:3d:03:07:b4:67:42:a3:e3:b4:d8",
                            "status": "active",
                            "tags.#": "0",
                            "vcpus": "1",
                            "volume_ids.#": "0"
                        },
                        "meta": {
                            "schema_version": "1"
                        },
                        "tainted": false
                    },
                    "deposed": [],
                    "provider": "provider.digitalocean"
                }
            },
            "depends_on": []
        }
    ]
}
